{
  "name": "d1studio-website",
  "version": "0.0.0",
  "lockfileVersion": 3,
  "requires": true,
  "packages": {
    "": {
      "name": "d1studio-website",
      "version": "0.0.0",
      "dependencies": {
        "@vscode/codicons": "0.0.46-24"
      },
      "engines": {
        "node": ">=22"
      }
    },
    "node_modules/@vscode/codicons": {
      "version": "0.0.46-24",
      "resolved": "https://registry.npmjs.org/@vscode/codicons/-/codicons-0.0.46-24.tgz",
      "integrity": "sha512-KIDWUYxG6eh+DHRg+3G4bS487T+g1ZkLfB4HylOBbCcHsvLdfLMRM/m92DS1Ljhi8nglLr9ucwwWhHTEAC+DpA==",
      "license": "CC-BY-4.0"
    }
  }
}
